// !$*UTF8*$!
{
	archiveVersion = 1;
	classes = {
	};
	objectVersion = 50;
	objects = {

/* Begin PBXBuildFile section */
		92D75327225B5E8600D931DC /* AppDelegate.swift in Sources */ = {isa = PBXBuildFile; fileRef = 92D75326225B5E8600D931DC /* AppDelegate.swift */; };
		92D7532C225B5E8600D931DC /* Main.storyboard in Resources */ = {isa = PBXBuildFile; fileRef = 92D7532A225B5E8600D931DC /* Main.storyboard */; };
		92D7532E225B5E8600D931DC /* Assets.xcassets in Resources */ = {isa = PBXBuildFile; fileRef = 92D7532D225B5E8600D931DC /* Assets.xcassets */; };
		92D75331225B5E8600D931DC /* LaunchScreen.storyboard in Resources */ = {isa = PBXBuildFile; fileRef = 92D7532F225B5E8600D931DC /* LaunchScreen.storyboard */; };
		92D75355225B60EA00D931DC /* ViewController.swift in Sources */ = {isa = PBXBuildFile; fileRef = 92D75354225B60EA00D931DC /* ViewController.swift */; };
		92D75362225B63F900D931DC /* TestCell.swift in Sources */ = {isa = PBXBuildFile; fileRef = 92D75360225B63F900D931DC /* TestCell.swift */; };
		92D75363225B63F900D931DC /* TestCell.xib in Resources */ = {isa = PBXBuildFile; fileRef = 92D75361225B63F900D931DC /* TestCell.xib */; };
		F948E22DE4717E21A23E50E8 /* Pods_ExampleWithVeticalCardSwiper.framework in Frameworks */ = {isa = PBXBuildFile; fileRef = 7171B6F57DAD4179195F4AAE /* Pods_ExampleWithVeticalCardSwiper.framework */; };
/* End PBXBuildFile section */

/* Begin PBXFileReference section */
		7171B6F57DAD4179195F4AAE /* Pods_ExampleWithVeticalCardSwiper.framework */ = {isa = PBXFileReference; explicitFileType = wrapper.framework; includeInIndex = 0; path = Pods_ExampleWithVeticalCardSwiper.framework; sourceTree = BUILT_PRODUCTS_DIR; };
		8B74DE3F2374B4D33CD19AF4 /* Pods-ExampleWithVeticalCardSwiper.release.xcconfig */ = {isa = PBXFileReference; includeInIndex = 1; lastKnownFileType = text.xcconfig; name = "Pods-ExampleWithVeticalCardSwiper.release.xcconfig"; path = "Target Support Files/Pods-ExampleWithVeticalCardSwiper/Pods-ExampleWithVeticalCardSwiper.release.xcconfig"; sourceTree = "<group>"; };
		92D75323225B5E8600D931DC /* ExampleWithVeticalCardSwiper.app */ = {isa = PBXFileReference; explicitFileType = wrapper.application; includeInIndex = 0; path = ExampleWithVeticalCardSwiper.app; sourceTree = BUILT_PRODUCTS_DIR; };
		92D75326225B5E8600D931DC /* AppDelegate.swift */ = {isa = PBXFileReference; lastKnownFileType = sourcecode.swift; path = AppDelegate.swift; sourceTree = "<group>"; };
		92D7532B225B5E8600D931DC /* Base */ = {isa = PBXFileReference; lastKnownFileType = file.storyboard; name = Base; path = Base.lproj/Main.storyboard; sourceTree = "<group>"; };
		92D7532D225B5E8600D931DC /* Assets.xcassets */ = {isa = PBXFileReference; lastKnownFileType = folder.assetcatalog; path = Assets.xcassets; sourceTree = "<group>"; };
		92D75330225B5E8600D931DC /* Base */ = {isa = PBXFileReference; lastKnownFileType = file.storyboard; name = Base; path = Base.lproj/LaunchScreen.storyboard; sourceTree = "<group>"; };
		92D75332225B5E8600D931DC /* Info.plist */ = {isa = PBXFileReference; lastKnownFileType = text.plist.xml; path = Info.plist; sourceTree = "<group>"; };
		92D75354225B60EA00D931DC /* ViewController.swift */ = {isa = PBXFileReference; lastKnownFileType = sourcecode.swift; path = ViewController.swift; sourceTree = "<group>"; };
		92D75360225B63F900D931DC /* TestCell.swift */ = {isa = PBXFileReference; lastKnownFileType = sourcecode.swift; path = TestCell.swift; sourceTree = "<group>"; };
		92D75361225B63F900D931DC /* TestCell.xib */ = {isa = PBXFileReference; lastKnownFileType = file.xib; path = TestCell.xib; sourceTree = "<group>"; };
		F964F58F7F7B3B4114749E45 /* Pods-ExampleWithVeticalCardSwiper.debug.xcconfig */ = {isa = PBXFileReference; includeInIndex = 1; lastKnownFileType = text.xcconfig; name = "Pods-ExampleWithVeticalCardSwiper.debug.xcconfig"; path = "Target Support Files/Pods-ExampleWithVeticalCardSwiper/Pods-ExampleWithVeticalCardSwiper.debug.xcconfig"; sourceTree = "<group>"; };
/* End PBXFileReference section */

/* Begin PBXFrameworksBuildPhase section */
		92D75320225B5E8600D931DC /* Frameworks */ = {
			isa = PBXFrameworksBuildPhase;
			buildActionMask = 2147483647;
			files = (
				F948E22DE4717E21A23E50E8 /* Pods_ExampleWithVeticalCardSwiper.framework in Frameworks */,
			);
			runOnlyForDeploymentPostprocessing = 0;
		};
/* End PBXFrameworksBuildPhase section */

/* Begin PBXGroup section */
		017332771388FC240DC2521D /* Pods */ = {
			isa = PBXGroup;
			children = (
				F964F58F7F7B3B4114749E45 /* Pods-ExampleWithVeticalCardSwiper.debug.xcconfig */,
				8B74DE3F2374B4D33CD19AF4 /* Pods-ExampleWithVeticalCardSwiper.release.xcconfig */,
			);
			name = Pods;
			path = Pods;
			sourceTree = "<group>";
		};
		92D7531A225B5E8600D931DC = {
			isa = PBXGroup;
			children = (
				92D75325225B5E8600D931DC /* ExampleWithVeticalCardSwiper */,
				92D75324225B5E8600D931DC /* Products */,
				017332771388FC240DC2521D /* Pods */,
				B5CC7B2A81E7B53CFAF86409 /* Frameworks */,
			);
			sourceTree = "<group>";
		};
		92D75324225B5E8600D931DC /* Products */ = {
			isa = PBXGroup;
			children = (
				92D75323225B5E8600D931DC /* ExampleWithVeticalCardSwiper.app */,
			);
			name = Products;
			sourceTree = "<group>";
		};
		92D75325225B5E8600D931DC /* ExampleWithVeticalCardSwiper */ = {
			isa = PBXGroup;
			children = (
				92D75326225B5E8600D931DC /* AppDelegate.swift */,
				92D75354225B60EA00D931DC /* ViewController.swift */,
				92D7532A225B5E8600D931DC /* Main.storyboard */,
				92D7532D225B5E8600D931DC /* Assets.xcassets */,
				92D7532F225B5E8600D931DC /* LaunchScreen.storyboard */,
				92D75332225B5E8600D931DC /* Info.plist */,
				92D75360225B63F900D931DC /* TestCell.swift */,
				92D75361225B63F900D931DC /* TestCell.xib */,
			);
			path = ExampleWithVeticalCardSwiper;
			sourceTree = "<group>";
		};
		B5CC7B2A81E7B53CFAF86409 /* Frameworks */ = {
			isa = PBXGroup;
			children = (
				7171B6F57DAD4179195F4AAE /* Pods_ExampleWithVeticalCardSwiper.framework */,
			);
			name = Frameworks;
			sourceTree = "<group>";
		};
/* End PBXGroup section */

/* Begin PBXNativeTarget section */
		92D75322225B5E8600D931DC /* ExampleWithVeticalCardSwiper */ = {
			isa = PBXNativeTarget;
			buildConfigurationList = 92D75335225B5E8600D931DC /* Build configuration list for PBXNativeTarget "ExampleWithVeticalCardSwiper" */;
			buildPhases = (
				DB9CD0F811F1114DFD8F7EAF /* [CP] Check Pods Manifest.lock */,
				92D7531F225B5E8600D931DC /* Sources */,
				92D75320225B5E8600D931DC /* Frameworks */,
				92D75321225B5E8600D931DC /* Resources */,
				9EB6D464E8E6326C0067B8FB /* [CP] Embed Pods Frameworks */,
			);
			buildRules = (
			);
			dependencies = (
			);
			name = ExampleWithVeticalCardSwiper;
			productName = ExampleWithVeticalCardSwiper;
			productReference = 92D75323225B5E8600D931DC /* ExampleWithVeticalCardSwiper.app */;
			productType = "com.apple.product-type.application";
		};
/* End PBXNativeTarget section */

/* Begin PBXProject section */
		92D7531B225B5E8600D931DC /* Project object */ = {
			isa = PBXProject;
			attributes = {
				LastSwiftUpdateCheck = 1010;
				LastUpgradeCheck = 1010;
				ORGANIZATIONNAME = MarcHeminsley;
				TargetAttributes = {
					92D75322225B5E8600D931DC = {
						CreatedOnToolsVersion = 10.1;
					};
				};
			};
			buildConfigurationList = 92D7531E225B5E8600D931DC /* Build configuration list for PBXProject "ExampleWithVeticalCardSwiper" */;
			compatibilityVersion = "Xcode 9.3";
			developmentRegion = en;
			hasScannedForEncodings = 0;
			knownRegions = (
				en,
				Base,
			);
			mainGroup = 92D7531A225B5E8600D931DC;
			productRefGroup = 92D75324225B5E8600D931DC /* Products */;
			projectDirPath = "";
			projectRoot = "";
			targets = (
				92D75322225B5E8600D931DC /* ExampleWithVeticalCardSwiper */,
			);
		};
/* End PBXProject section */

/* Begin PBXResourcesBuildPhase section */
		92D75321225B5E8600D931DC /* Resources */ = {
			isa = PBXResourcesBuildPhase;
			buildActionMask = 2147483647;
			files = (
				92D75331225B5E8600D931DC /* LaunchScreen.storyboard in Resources */,
				92D7532E225B5E8600D931DC /* Assets.xcassets in Resources */,
				92D75363225B63F900D931DC /* TestCell.xib in Resources */,
				92D7532C225B5E8600D931DC /* Main.storyboard in Resources */,
			);
			runOnlyForDeploymentPostprocessing = 0;
		};
/* End PBXResourcesBuildPhase section */

/* Begin PBXShellScriptBuildPhase section */
		9EB6D464E8E6326C0067B8FB /* [CP] Embed Pods Frameworks */ = {
			isa = PBXShellScriptBuildPhase;
			buildActionMask = 2147483647;
			files = (
			);
			inputFileListPaths = (
			);
			inputPaths = (
				"${PODS_ROOT}/Target Support Files/Pods-ExampleWithVeticalCardSwiper/Pods-ExampleWithVeticalCardSwiper-frameworks.sh",
				"${BUILT_PRODUCTS_DIR}/VerticalCardSwiper/VerticalCardSwiper.framework",
			);
			name = "[CP] Embed Pods Frameworks";
			outputFileListPaths = (
			);
			outputPaths = (
				"${TARGET_BUILD_DIR}/${FRAMEWORKS_FOLDER_PATH}/VerticalCardSwiper.framework",
			);
			runOnlyForDeploymentPostprocessing = 0;
			shellPath = /bin/sh;
			shellScript = "\"${PODS_ROOT}/Target Support Files/Pods-ExampleWithVeticalCardSwiper/Pods-ExampleWithVeticalCardSwiper-frameworks.sh\"\n";
			showEnvVarsInLog = 0;
		};
		DB9CD0F811F1114DFD8F7EAF /* [CP] Check Pods Manifest.lock */ = {
			isa = PBXShellScriptBuildPhase;
			buildActionMask = 2147483647;
			files = (
			);
			inputFileListPaths = (
			);
			inputPaths = (
				"${PODS_PODFILE_DIR_PATH}/Podfile.lock",
				"${PODS_ROOT}/Manifest.lock",
			);
			name = "[CP] Check Pods Manifest.lock";
			outputFileListPaths = (
			);
			outputPaths = (
				"$(DERIVED_FILE_DIR)/Pods-ExampleWithVeticalCardSwiper-checkManifestLockResult.txt",
			);
			runOnlyForDeploymentPostprocessing = 0;
			shellPath = /bin/sh;
			shellScript = "diff \"${PODS_PODFILE_DIR_PATH}/Podfile.lock\" \"${PODS_ROOT}/Manifest.lock\" > /dev/null\nif [ $? != 0 ] ; then\n    # print error to STDERR\n    echo \"error: The sandbox is not in sync with the Podfile.lock. Run 'pod install' or update your CocoaPods installation.\" >&2\n    exit 1\nfi\n# This output is used by Xcode 'outputs' to avoid re-running this script phase.\necho \"SUCCESS\" > \"${SCRIPT_OUTPUT_FILE_0}\"\n";
			showEnvVarsInLog = 0;
		};
/* End PBXShellScriptBuildPhase section */

/* Begin PBXSourcesBuildPhase section */
		92D7531F225B5E8600D931DC /* Sources */ = {
			isa = PBXSourcesBuildPhase;
			buildActionMask = 2147483647;
			files = (
				92D75362225B63F900D931DC /* TestCell.swift in Sources */,
				92D75327225B5E8600D931DC /* AppDelegate.swift in Sources */,
				92D75355225B60EA00D931DC /* ViewController.swift in Sources */,
			);
			runOnlyForDeploymentPostprocessing = 0;
		};
/* End PBXSourcesBuildPhase section */

/* Begin PBXVariantGroup section */
		92D7532A225B5E8600D931DC /* Main.storyboard */ = {
			isa = PBXVariantGroup;
			children = (
				92D7532B225B5E8600D931DC /* Base */,
			);
			name = Main.storyboard;
			sourceTree = "<group>";
		};
		92D7532F225B5E8600D931DC /* LaunchScreen.storyboard */ = {
			isa = PBXVariantGroup;
			children = (
				92D75330225B5E8600D931DC /* Base */,
			);
			name = LaunchScreen.storyboard;
			sourceTree = "<group>";
		};
/* End PBXVariantGroup section */

/* Begin XCBuildConfiguration section */
		92D75333225B5E8600D931DC /* Debug */ = {
			isa = XCBuildConfiguration;
			buildSettings = {
				ALWAYS_SEARCH_USER_PATHS = NO;
				CLANG_ANALYZER_NONNULL = YES;
				CLANG_ANALYZER_NUMBER_OBJECT_CONVERSION = YES_AGGRESSIVE;
				CLANG_CXX_LANGUAGE_STANDARD = "gnu++14";
				CLANG_CXX_LIBRARY = "libc++";
				CLANG_ENABLE_MODULES = YES;
				CLANG_ENABLE_OBJC_ARC = YES;
				CLANG_ENABLE_OBJC_WEAK = YES;
				CLANG_WARN_BLOCK_CAPTURE_AUTORELEASING = YES;
				CLANG_WARN_BOOL_CONVERSION = YES;
				CLANG_WARN_COMMA = YES;
				CLANG_WARN_CONSTANT_CONVERSION = YES;
				CLANG_WARN_DEPRECATED_OBJC_IMPLEMENTATIONS = YES;
				CLANG_WARN_DIRECT_OBJC_ISA_USAGE = YES_ERROR;
				CLANG_WARN_DOCUMENTATION_COMMENTS = YES;
				CLANG_WARN_EMPTY_BODY = YES;
				CLANG_WARN_ENUM_CONVERSION = YES;
				CLANG_WARN_INFINITE_RECURSION = YES;
				CLANG_WARN_INT_CONVERSION = YES;
				CLANG_WARN_NON_LITERAL_NULL_CONVERSION = YES;
				CLANG_WARN_OBJC_IMPLICIT_RETAIN_SELF = YES;
				CLANG_WARN_OBJC_LITERAL_CONVERSION = YES;
				CLANG_WARN_OBJC_ROOT_CLASS = YES_ERROR;
				CLANG_WARN_RANGE_LOOP_ANALYSIS = YES;
				CLANG_WARN_STRICT_PROTOTYPES = YES;
				CLANG_WARN_SUSPICIOUS_MOVE = YES;
				CLANG_WARN_UNGUARDED_AVAILABILITY = YES_AGGRESSIVE;
				CLANG_WARN_UNREACHABLE_CODE = YES;
				CLANG_WARN__DUPLICATE_METHOD_MATCH = YES;
				CODE_SIGN_IDENTITY = "iPhone Developer";
				COPY_PHASE_STRIP = NO;
				DEBUG_INFORMATION_FORMAT = dwarf;
				ENABLE_STRICT_OBJC_MSGSEND = YES;
				ENABLE_TESTABILITY = YES;
				GCC_C_LANGUAGE_STANDARD = gnu11;
				GCC_DYNAMIC_NO_PIC = NO;
				GCC_NO_COMMON_BLOCKS = YES;
				GCC_OPTIMIZATION_LEVEL = 0;
				GCC_PREPROCESSOR_DEFINITIONS = (
					"DEBUG=1",
					"$(inherited)",
				);
				GCC_WARN_64_TO_32_BIT_CONVERSION = YES;
				GCC_WARN_ABOUT_RETURN_TYPE = YES_ERROR;
				GCC_WARN_UNDECLARED_SELECTOR = YES;
				GCC_WARN_UNINITIALIZED_AUTOS = YES_AGGRESSIVE;
				GCC_WARN_UNUSED_FUNCTION = YES;
				GCC_WARN_UNUSED_VARIABLE = YES;
				IPHONEOS_DEPLOYMENT_TARGET = 12.1;
				MTL_ENABLE_DEBUG_INFO = INCLUDE_SOURCE;
				MTL_FAST_MATH = YES;
				ONLY_ACTIVE_ARCH = YES;
				SDKROOT = iphoneos;
				SWIFT_ACTIVE_COMPILATION_CONDITIONS = DEBUG;
				SWIFT_OPTIMIZATION_LEVEL = "-Onone";
			};
			name = Debug;
		};
		92D75334225B5E8600D931DC /* Release */ = {
			isa = XCBuildConfiguration;
			buildSettings = {
				ALWAYS_SEARCH_USER_PATHS = NO;
				CLANG_ANALYZER_NONNULL = YES;
				CLANG_ANALYZER_NUMBER_OBJECT_CONVERSION = YES_AGGRESSIVE;
				CLANG_CXX_LANGUAGE_STANDARD = "gnu++14";
				CLANG_CXX_LIBRARY = "libc++";
				CLANG_ENABLE_MODULES = YES;
				CLANG_ENABLE_OBJC_ARC = YES;
				CLANG_ENABLE_OBJC_WEAK = YES;
				CLANG_WARN_BLOCK_CAPTURE_AUTORELEASING = YES;
				CLANG_WARN_BOOL_CONVERSION = YES;
				CLANG_WARN_COMMA = YES;
				CLANG_WARN_CONSTANT_CONVERSION = YES;
				CLANG_WARN_DEPRECATED_OBJC_IMPLEMENTATIONS = YES;
				CLANG_WARN_DIRECT_OBJC_ISA_USAGE = YES_ERROR;
				CLANG_WARN_DOCUMENTATION_COMMENTS = YES;
				CLANG_WARN_EMPTY_BODY = YES;
				CLANG_WARN_ENUM_CONVERSION = YES;
				CLANG_WARN_INFINITE_RECURSION = YES;
				CLANG_WARN_INT_CONVERSION = YES;
				CLANG_WARN_NON_LITERAL_NULL_CONVERSION = YES;
				CLANG_WARN_OBJC_IMPLICIT_RETAIN_SELF = YES;
				CLANG_WARN_OBJC_LITERAL_CONVERSION = YES;
				CLANG_WARN_OBJC_ROOT_CLASS = YES_ERROR;
				CLANG_WARN_RANGE_LOOP_ANALYSIS = YES;
				CLANG_WARN_STRICT_PROTOTYPES = YES;
				CLANG_WARN_SUSPICIOUS_MOVE = YES;
				CLANG_WARN_UNGUARDED_AVAILABILITY = YES_AGGRESSIVE;
				CLANG_WARN_UNREACHABLE_CODE = YES;
				CLANG_WARN__DUPLICATE_METHOD_MATCH = YES;
				CODE_SIGN_IDENTITY = "iPhone Developer";
				COPY_PHASE_STRIP = NO;
				DEBUG_INFORMATION_FORMAT = "dwarf-with-dsym";
				ENABLE_NS_ASSERTIONS = NO;
				ENABLE_STRICT_OBJC_MSGSEND = YES;
				GCC_C_LANGUAGE_STANDARD = gnu11;
				GCC_NO_COMMON_BLOCKS = YES;
				GCC_WARN_64_TO_32_BIT_CONVERSION = YES;
				GCC_WARN_ABOUT_RETURN_TYPE = YES_ERROR;
				GCC_WARN_UNDECLARED_SELECTOR = YES;
				GCC_WARN_UNINITIALIZED_AUTOS = YES_AGGRESSIVE;
				GCC_WARN_UNUSED_FUNCTION = YES;
				GCC_WARN_UNUSED_VARIABLE = YES;
				IPHONEOS_DEPLOYMENT_TARGET = 12.1;
				MTL_ENABLE_DEBUG_INFO = NO;
				MTL_FAST_MATH = YES;
				SDKROOT = iphoneos;
				SWIFT_COMPILATION_MODE = wholemodule;
				SWIFT_OPTIMIZATION_LEVEL = "-O";
				VALIDATE_PRODUCT = YES;
			};
			name = Release;
		};
		92D75336225B5E8600D931DC /* Debug */ = {
			isa = XCBuildConfiguration;
			baseConfigurationReference = F964F58F7F7B3B4114749E45 /* Pods-ExampleWithVeticalCardSwiper.debug.xcconfig */;
			buildSettings = {
				ASSETCATALOG_COMPILER_APPICON_NAME = AppIcon;
				CODE_SIGN_STYLE = Automatic;
				DEVELOPMENT_TEAM = 7E5R9A99N6;
				INFOPLIST_FILE = ExampleWithVeticalCardSwiper/Info.plist;
				LD_RUNPATH_SEARCH_PATHS = (
					"$(inherited)",
					"@executable_path/Frameworks",
				);
				PRODUCT_BUNDLE_IDENTIFIER = DandM.Design.ExampleWithVeticalCardSwiper;
				PRODUCT_NAME = "$(TARGET_NAME)";
				SWIFT_VERSION = 4.2;
				TARGETED_DEVICE_FAMILY = "1,2";
			};
			name = Debug;
		};
		92D75337225B5E8600D931DC /* Release */ = {
			isa = XCBuildConfiguration;
			baseConfigurationReference = 8B74DE3F2374B4D33CD19AF4 /* Pods-ExampleWithVeticalCardSwiper.release.xcconfig */;
			buildSettings = {
				ASSETCATALOG_COMPILER_APPICON_NAME = AppIcon;
				CODE_SIGN_STYLE = Automatic;
				DEVELOPMENT_TEAM = 7E5R9A99N6;
				INFOPLIST_FILE = ExampleWithVeticalCardSwiper/Info.plist;
				LD_RUNPATH_SEARCH_PATHS = (
					"$(inherited)",
					"@executable_path/Frameworks",
				);
				PRODUCT_BUNDLE_IDENTIFIER = DandM.Design.ExampleWithVeticalCardSwiper;
				PRODUCT_NAME = "$(TARGET_NAME)";
				SWIFT_VERSION = 4.2;
				TARGETED_DEVICE_FAMILY = "1,2";
			};
			name = Release;
		};
/* End XCBuildConfiguration section */

/* Begin XCConfigurationList section */
		92D7531E225B5E8600D931DC /* Build configuration list for PBXProject "ExampleWithVeticalCardSwiper" */ = {
			isa = XCConfigurationList;
			buildConfigurations = (
				92D75333225B5E8600D931DC /* Debug */,
				92D75334225B5E8600D931DC /* Release */,
			);
			defaultConfigurationIsVisible = 0;
			defaultConfigurationName = Release;
		};
		92D75335225B5E8600D931DC /* Build configuration list for PBXNativeTarget "ExampleWithVeticalCardSwiper" */ = {
			isa = XCConfigurationList;
			buildConfigurations = (
				92D75336225B5E8600D931DC /* Debug */,
				92D75337225B5E8600D931DC /* Release */,
			);
			defaultConfigurationIsVisible = 0;
			defaultConfigurationName = Release;
		};
/* End XCConfigurationList section */
	};
	rootObject = 92D7531B225B5E8600D931DC /* Project object */;
}
